
Microsoft Visual Studio Solution File, Format Version 12.00
# Visual Studio 15
VisualStudioVersion = 15.0.26124.0
MinimumVisualStudioVersion = 15.0.26124.0
Project("{2150E333-8FDC-42A3-9474-1A3956D46DE8}") = "Elements", "Elements", "{0A630254-C5C5-4C00-A924-115C1F68EC17}"
EndProject
Project("{FAE04EC0-301F-11D3-BF4B-00C04F79EFBC}") = "Elements", "Elements\src\Elements.csproj", "{9EFEF392-5D85-42A5-B1D8-4145B73CD6E3}"
EndProject
Project("{FAE04EC0-301F-11D3-BF4B-00C04F79EFBC}") = "Elements.Tests", "Elements\test\Elements.Tests.csproj", "{87413144-7BCA-4EE0-AE7B-1390122651A7}"
EndProject
Project("{2150E333-8FDC-42A3-9474-1A3956D46DE8}") = "Elements.Serialization.IFC", "Elements.Serialization.IFC", "{37D2D798-08B3-488E-8AA9-62AD68F348BF}"
EndProject
Project("{FAE04EC0-301F-11D3-BF4B-00C04F79EFBC}") = "Elements.Serialization.IFC", "Elements.Serialization.IFC\src\Elements.Serialization.IFC.csproj", "{CC336585-3726-42EF-8F64-2FD28410670A}"
EndProject
Project("{FAE04EC0-301F-11D3-BF4B-00C04F79EFBC}") = "Elements.Serialization.IFC.Tests", "Elements.Serialization.IFC\test\Elements.Serialization.IFC.Tests.csproj", "{8539FB8C-BB38-43B3-B0AC-81148E3ABE41}"
EndProject
Project("{FAE04EC0-301F-11D3-BF4B-00C04F79EFBC}") = "Elements.Benchmarks", "Elements.Benchmarks\Elements.Benchmarks.csproj", "{E5407E4C-1183-406C-9683-65B4EA3DBB66}"
EndProject
Project("{FAE04EC0-301F-11D3-BF4B-00C04F79EFBC}") = "Elements.Components", "Elements.Components\src\Elements.Components.csproj", "{3D0B0DCE-9B5B-4565-B46D-EEA81A8F1BAE}"
EndProject
Project("{2150E333-8FDC-42A3-9474-1A3956D46DE8}") = "Elements.Serialization.DXF", "Elements.Serialization.DXF", "{66613479-D643-47E3-B2AD-F6F0BA3AD4A0}"
EndProject
Project("{FAE04EC0-301F-11D3-BF4B-00C04F79EFBC}") = "Elements.Serialization.DXF", "Elements.Serialization.DXF\src\Elements.Serialization.DXF.csproj", "{175AF18D-3A3F-4142-9E64-F22AC55C94C7}"
EndProject
Project("{FAE04EC0-301F-11D3-BF4B-00C04F79EFBC}") = "Elements.Serialization.DXF.Tests", "Elements.Serialization.DXF\tests\Elements.Serialization.DXF.Tests.csproj", "{BB09BB69-C3F0-4F18-945E-4D2FD5489E56}"
EndProject
Project("{2150E333-8FDC-42A3-9474-1A3956D46DE8}") = "Elements.CodeGeneration", "Elements.CodeGeneration", "{8A446BC4-B63B-4E33-A48F-21074B0651E0}"
EndProject
Project("{FAE04EC0-301F-11D3-BF4B-00C04F79EFBC}") = "Elements.CodeGeneration", "Elements.CodeGeneration\src\Elements.CodeGeneration.csproj", "{925C4B23-421D-48E3-96A0-EDC4AD37324C}"
EndProject
Project("{2150E333-8FDC-42A3-9474-1A3956D46DE8}") = "Elements.Serialization.SVG", "Elements.Serialization.SVG", "{ECD9CF40-34C0-487C-A1C1-CA5B2EBF61A7}"
EndProject
Project("{FAE04EC0-301F-11D3-BF4B-00C04F79EFBC}") = "Elements.Serialization.SVG", "Elements.Serialization.SVG\src\Elements.Serialization.SVG.csproj", "{6FE1CB22-8837-4B8B-A7CE-1267B53DF6D3}"
EndProject
Project("{FAE04EC0-301F-11D3-BF4B-00C04F79EFBC}") = "Elements.Serialization.SVG.Tests", "Elements.Serialization.SVG\test\Elements.Serialization.SVG.Tests.csproj", "{46344125-87C3-4C4C-9F71-6DBF854CB6A9}"
EndProject
Project("{2150E333-8FDC-42A3-9474-1A3956D46DE8}") = "Elements.MEP", "Elements.MEP", "{B1A55EC8-8D38-40E2-B55E-88BE02571742}"
EndProject
Project("{FAE04EC0-301F-11D3-BF4B-00C04F79EFBC}") = "Elements.MEP", "Elements.MEP\src\Elements.MEP.csproj", "{195D9163-DA41-481A-860F-E5A3D546587B}"
EndProject
Project("{FAE04EC0-301F-11D3-BF4B-00C04F79EFBC}") = "Elements.MEP.Tests", "Elements.MEP\test\Elements.MEP.Tests.csproj", "{FBDD5B90-BCBA-4373-83CD-0FCE6B38DA08}"
EndProject
Project("{FAE04EC0-301F-11D3-BF4B-00C04F79EFBC}") = "Elements.Structure", "Elements.Structure\Elements.Structure.csproj", "{5BAD5A3D-8251-473F-B427-FF292AAA470A}"
EndProject
Global
	GlobalSection(SolutionConfigurationPlatforms) = preSolution
		Debug|Any CPU = Debug|Any CPU
		Debug|x64 = Debug|x64
		Debug|x86 = Debug|x86
		Release|Any CPU = Release|Any CPU
		Release|x64 = Release|x64
		Release|x86 = Release|x86
	EndGlobalSection
	GlobalSection(SolutionProperties) = preSolution
		HideSolutionNode = FALSE
	EndGlobalSection
	GlobalSection(ProjectConfigurationPlatforms) = postSolution
		{9EFEF392-5D85-42A5-B1D8-4145B73CD6E3}.Debug|Any CPU.ActiveCfg = Debug|Any CPU
		{9EFEF392-5D85-42A5-B1D8-4145B73CD6E3}.Debug|Any CPU.Build.0 = Debug|Any CPU
		{9EFEF392-5D85-42A5-B1D8-4145B73CD6E3}.Debug|x64.ActiveCfg = Debug|Any CPU
		{9EFEF392-5D85-42A5-B1D8-4145B73CD6E3}.Debug|x64.Build.0 = Debug|Any CPU
		{9EFEF392-5D85-42A5-B1D8-4145B73CD6E3}.Debug|x86.ActiveCfg = Debug|Any CPU
		{9EFEF392-5D85-42A5-B1D8-4145B73CD6E3}.Debug|x86.Build.0 = Debug|Any CPU
		{9EFEF392-5D85-42A5-B1D8-4145B73CD6E3}.Release|Any CPU.ActiveCfg = Release|Any CPU
		{9EFEF392-5D85-42A5-B1D8-4145B73CD6E3}.Release|Any CPU.Build.0 = Release|Any CPU
		{9EFEF392-5D85-42A5-B1D8-4145B73CD6E3}.Release|x64.ActiveCfg = Release|Any CPU
		{9EFEF392-5D85-42A5-B1D8-4145B73CD6E3}.Release|x64.Build.0 = Release|Any CPU
		{9EFEF392-5D85-42A5-B1D8-4145B73CD6E3}.Release|x86.ActiveCfg = Release|Any CPU
		{9EFEF392-5D85-42A5-B1D8-4145B73CD6E3}.Release|x86.Build.0 = Release|Any CPU
		{87413144-7BCA-4EE0-AE7B-1390122651A7}.Debug|Any CPU.ActiveCfg = Debug|Any CPU
		{87413144-7BCA-4EE0-AE7B-1390122651A7}.Debug|Any CPU.Build.0 = Debug|Any CPU
		{87413144-7BCA-4EE0-AE7B-1390122651A7}.Debug|x64.ActiveCfg = Debug|Any CPU
		{87413144-7BCA-4EE0-AE7B-1390122651A7}.Debug|x64.Build.0 = Debug|Any CPU
		{87413144-7BCA-4EE0-AE7B-1390122651A7}.Debug|x86.ActiveCfg = Debug|Any CPU
		{87413144-7BCA-4EE0-AE7B-1390122651A7}.Debug|x86.Build.0 = Debug|Any CPU
		{87413144-7BCA-4EE0-AE7B-1390122651A7}.Release|Any CPU.ActiveCfg = Release|Any CPU
		{87413144-7BCA-4EE0-AE7B-1390122651A7}.Release|Any CPU.Build.0 = Release|Any CPU
		{87413144-7BCA-4EE0-AE7B-1390122651A7}.Release|x64.ActiveCfg = Release|Any CPU
		{87413144-7BCA-4EE0-AE7B-1390122651A7}.Release|x64.Build.0 = Release|Any CPU
		{87413144-7BCA-4EE0-AE7B-1390122651A7}.Release|x86.ActiveCfg = Release|Any CPU
		{87413144-7BCA-4EE0-AE7B-1390122651A7}.Release|x86.Build.0 = Release|Any CPU
		{CC336585-3726-42EF-8F64-2FD28410670A}.Debug|Any CPU.ActiveCfg = Debug|Any CPU
		{CC336585-3726-42EF-8F64-2FD28410670A}.Debug|Any CPU.Build.0 = Debug|Any CPU
		{CC336585-3726-42EF-8F64-2FD28410670A}.Debug|x64.ActiveCfg = Debug|Any CPU
		{CC336585-3726-42EF-8F64-2FD28410670A}.Debug|x64.Build.0 = Debug|Any CPU
		{CC336585-3726-42EF-8F64-2FD28410670A}.Debug|x86.ActiveCfg = Debug|Any CPU
		{CC336585-3726-42EF-8F64-2FD28410670A}.Debug|x86.Build.0 = Debug|Any CPU
		{CC336585-3726-42EF-8F64-2FD28410670A}.Release|Any CPU.ActiveCfg = Release|Any CPU
		{CC336585-3726-42EF-8F64-2FD28410670A}.Release|Any CPU.Build.0 = Release|Any CPU
		{CC336585-3726-42EF-8F64-2FD28410670A}.Release|x64.ActiveCfg = Release|Any CPU
		{CC336585-3726-42EF-8F64-2FD28410670A}.Release|x64.Build.0 = Release|Any CPU
		{CC336585-3726-42EF-8F64-2FD28410670A}.Release|x86.ActiveCfg = Release|Any CPU
		{CC336585-3726-42EF-8F64-2FD28410670A}.Release|x86.Build.0 = Release|Any CPU
		{8539FB8C-BB38-43B3-B0AC-81148E3ABE41}.Debug|Any CPU.ActiveCfg = Debug|Any CPU
		{8539FB8C-BB38-43B3-B0AC-81148E3ABE41}.Debug|Any CPU.Build.0 = Debug|Any CPU
		{8539FB8C-BB38-43B3-B0AC-81148E3ABE41}.Debug|x64.ActiveCfg = Debug|Any CPU
		{8539FB8C-BB38-43B3-B0AC-81148E3ABE41}.Debug|x64.Build.0 = Debug|Any CPU
		{8539FB8C-BB38-43B3-B0AC-81148E3ABE41}.Debug|x86.ActiveCfg = Debug|Any CPU
		{8539FB8C-BB38-43B3-B0AC-81148E3ABE41}.Debug|x86.Build.0 = Debug|Any CPU
		{8539FB8C-BB38-43B3-B0AC-81148E3ABE41}.Release|Any CPU.ActiveCfg = Release|Any CPU
		{8539FB8C-BB38-43B3-B0AC-81148E3ABE41}.Release|Any CPU.Build.0 = Release|Any CPU
		{8539FB8C-BB38-43B3-B0AC-81148E3ABE41}.Release|x64.ActiveCfg = Release|Any CPU
		{8539FB8C-BB38-43B3-B0AC-81148E3ABE41}.Release|x64.Build.0 = Release|Any CPU
		{8539FB8C-BB38-43B3-B0AC-81148E3ABE41}.Release|x86.ActiveCfg = Release|Any CPU
		{8539FB8C-BB38-43B3-B0AC-81148E3ABE41}.Release|x86.Build.0 = Release|Any CPU
		{E5407E4C-1183-406C-9683-65B4EA3DBB66}.Debug|Any CPU.ActiveCfg = Debug|Any CPU
		{E5407E4C-1183-406C-9683-65B4EA3DBB66}.Debug|Any CPU.Build.0 = Debug|Any CPU
		{E5407E4C-1183-406C-9683-65B4EA3DBB66}.Debug|x64.ActiveCfg = Debug|Any CPU
		{E5407E4C-1183-406C-9683-65B4EA3DBB66}.Debug|x64.Build.0 = Debug|Any CPU
		{E5407E4C-1183-406C-9683-65B4EA3DBB66}.Debug|x86.ActiveCfg = Debug|Any CPU
		{E5407E4C-1183-406C-9683-65B4EA3DBB66}.Debug|x86.Build.0 = Debug|Any CPU
		{E5407E4C-1183-406C-9683-65B4EA3DBB66}.Release|Any CPU.ActiveCfg = Release|Any CPU
		{E5407E4C-1183-406C-9683-65B4EA3DBB66}.Release|Any CPU.Build.0 = Release|Any CPU
		{E5407E4C-1183-406C-9683-65B4EA3DBB66}.Release|x64.ActiveCfg = Release|Any CPU
		{E5407E4C-1183-406C-9683-65B4EA3DBB66}.Release|x64.Build.0 = Release|Any CPU
		{E5407E4C-1183-406C-9683-65B4EA3DBB66}.Release|x86.ActiveCfg = Release|Any CPU
		{E5407E4C-1183-406C-9683-65B4EA3DBB66}.Release|x86.Build.0 = Release|Any CPU
		{3D0B0DCE-9B5B-4565-B46D-EEA81A8F1BAE}.Debug|Any CPU.ActiveCfg = Debug|Any CPU
		{3D0B0DCE-9B5B-4565-B46D-EEA81A8F1BAE}.Debug|Any CPU.Build.0 = Debug|Any CPU
		{3D0B0DCE-9B5B-4565-B46D-EEA81A8F1BAE}.Debug|x64.ActiveCfg = Debug|Any CPU
		{3D0B0DCE-9B5B-4565-B46D-EEA81A8F1BAE}.Debug|x64.Build.0 = Debug|Any CPU
		{3D0B0DCE-9B5B-4565-B46D-EEA81A8F1BAE}.Debug|x86.ActiveCfg = Debug|Any CPU
		{3D0B0DCE-9B5B-4565-B46D-EEA81A8F1BAE}.Debug|x86.Build.0 = Debug|Any CPU
		{3D0B0DCE-9B5B-4565-B46D-EEA81A8F1BAE}.Release|Any CPU.ActiveCfg = Release|Any CPU
		{3D0B0DCE-9B5B-4565-B46D-EEA81A8F1BAE}.Release|Any CPU.Build.0 = Release|Any CPU
		{3D0B0DCE-9B5B-4565-B46D-EEA81A8F1BAE}.Release|x64.ActiveCfg = Release|Any CPU
		{3D0B0DCE-9B5B-4565-B46D-EEA81A8F1BAE}.Release|x64.Build.0 = Release|Any CPU
		{3D0B0DCE-9B5B-4565-B46D-EEA81A8F1BAE}.Release|x86.ActiveCfg = Release|Any CPU
		{3D0B0DCE-9B5B-4565-B46D-EEA81A8F1BAE}.Release|x86.Build.0 = Release|Any CPU
		{175AF18D-3A3F-4142-9E64-F22AC55C94C7}.Debug|Any CPU.ActiveCfg = Debug|Any CPU
		{175AF18D-3A3F-4142-9E64-F22AC55C94C7}.Debug|Any CPU.Build.0 = Debug|Any CPU
		{175AF18D-3A3F-4142-9E64-F22AC55C94C7}.Debug|x64.ActiveCfg = Debug|Any CPU
		{175AF18D-3A3F-4142-9E64-F22AC55C94C7}.Debug|x64.Build.0 = Debug|Any CPU
		{175AF18D-3A3F-4142-9E64-F22AC55C94C7}.Debug|x86.ActiveCfg = Debug|Any CPU
		{175AF18D-3A3F-4142-9E64-F22AC55C94C7}.Debug|x86.Build.0 = Debug|Any CPU
		{175AF18D-3A3F-4142-9E64-F22AC55C94C7}.Release|Any CPU.ActiveCfg = Release|Any CPU
		{175AF18D-3A3F-4142-9E64-F22AC55C94C7}.Release|Any CPU.Build.0 = Release|Any CPU
		{175AF18D-3A3F-4142-9E64-F22AC55C94C7}.Release|x64.ActiveCfg = Release|Any CPU
		{175AF18D-3A3F-4142-9E64-F22AC55C94C7}.Release|x64.Build.0 = Release|Any CPU
		{175AF18D-3A3F-4142-9E64-F22AC55C94C7}.Release|x86.ActiveCfg = Release|Any CPU
		{175AF18D-3A3F-4142-9E64-F22AC55C94C7}.Release|x86.Build.0 = Release|Any CPU
		{BB09BB69-C3F0-4F18-945E-4D2FD5489E56}.Debug|Any CPU.ActiveCfg = Debug|Any CPU
		{BB09BB69-C3F0-4F18-945E-4D2FD5489E56}.Debug|Any CPU.Build.0 = Debug|Any CPU
		{BB09BB69-C3F0-4F18-945E-4D2FD5489E56}.Debug|x64.ActiveCfg = Debug|Any CPU
		{BB09BB69-C3F0-4F18-945E-4D2FD5489E56}.Debug|x64.Build.0 = Debug|Any CPU
		{BB09BB69-C3F0-4F18-945E-4D2FD5489E56}.Debug|x86.ActiveCfg = Debug|Any CPU
		{BB09BB69-C3F0-4F18-945E-4D2FD5489E56}.Debug|x86.Build.0 = Debug|Any CPU
		{BB09BB69-C3F0-4F18-945E-4D2FD5489E56}.Release|Any CPU.ActiveCfg = Release|Any CPU
		{BB09BB69-C3F0-4F18-945E-4D2FD5489E56}.Release|Any CPU.Build.0 = Release|Any CPU
		{BB09BB69-C3F0-4F18-945E-4D2FD5489E56}.Release|x64.ActiveCfg = Release|Any CPU
		{BB09BB69-C3F0-4F18-945E-4D2FD5489E56}.Release|x64.Build.0 = Release|Any CPU
		{BB09BB69-C3F0-4F18-945E-4D2FD5489E56}.Release|x86.ActiveCfg = Release|Any CPU
		{BB09BB69-C3F0-4F18-945E-4D2FD5489E56}.Release|x86.Build.0 = Release|Any CPU
		{925C4B23-421D-48E3-96A0-EDC4AD37324C}.Debug|Any CPU.ActiveCfg = Debug|Any CPU
		{925C4B23-421D-48E3-96A0-EDC4AD37324C}.Debug|Any CPU.Build.0 = Debug|Any CPU
		{925C4B23-421D-48E3-96A0-EDC4AD37324C}.Debug|x64.ActiveCfg = Debug|Any CPU
		{925C4B23-421D-48E3-96A0-EDC4AD37324C}.Debug|x64.Build.0 = Debug|Any CPU
		{925C4B23-421D-48E3-96A0-EDC4AD37324C}.Debug|x86.ActiveCfg = Debug|Any CPU
		{925C4B23-421D-48E3-96A0-EDC4AD37324C}.Debug|x86.Build.0 = Debug|Any CPU
		{925C4B23-421D-48E3-96A0-EDC4AD37324C}.Release|Any CPU.ActiveCfg = Release|Any CPU
		{925C4B23-421D-48E3-96A0-EDC4AD37324C}.Release|Any CPU.Build.0 = Release|Any CPU
		{925C4B23-421D-48E3-96A0-EDC4AD37324C}.Release|x64.ActiveCfg = Release|Any CPU
		{925C4B23-421D-48E3-96A0-EDC4AD37324C}.Release|x64.Build.0 = Release|Any CPU
		{925C4B23-421D-48E3-96A0-EDC4AD37324C}.Release|x86.ActiveCfg = Release|Any CPU
		{925C4B23-421D-48E3-96A0-EDC4AD37324C}.Release|x86.Build.0 = Release|Any CPU
		{6FE1CB22-8837-4B8B-A7CE-1267B53DF6D3}.Debug|Any CPU.ActiveCfg = Debug|Any CPU
		{6FE1CB22-8837-4B8B-A7CE-1267B53DF6D3}.Debug|Any CPU.Build.0 = Debug|Any CPU
		{6FE1CB22-8837-4B8B-A7CE-1267B53DF6D3}.Debug|x64.ActiveCfg = Debug|Any CPU
		{6FE1CB22-8837-4B8B-A7CE-1267B53DF6D3}.Debug|x64.Build.0 = Debug|Any CPU
		{6FE1CB22-8837-4B8B-A7CE-1267B53DF6D3}.Debug|x86.ActiveCfg = Debug|Any CPU
		{6FE1CB22-8837-4B8B-A7CE-1267B53DF6D3}.Debug|x86.Build.0 = Debug|Any CPU
		{6FE1CB22-8837-4B8B-A7CE-1267B53DF6D3}.Release|Any CPU.ActiveCfg = Release|Any CPU
		{6FE1CB22-8837-4B8B-A7CE-1267B53DF6D3}.Release|Any CPU.Build.0 = Release|Any CPU
		{6FE1CB22-8837-4B8B-A7CE-1267B53DF6D3}.Release|x64.ActiveCfg = Release|Any CPU
		{6FE1CB22-8837-4B8B-A7CE-1267B53DF6D3}.Release|x64.Build.0 = Release|Any CPU
		{6FE1CB22-8837-4B8B-A7CE-1267B53DF6D3}.Release|x86.ActiveCfg = Release|Any CPU
		{6FE1CB22-8837-4B8B-A7CE-1267B53DF6D3}.Release|x86.Build.0 = Release|Any CPU
		{46344125-87C3-4C4C-9F71-6DBF854CB6A9}.Debug|Any CPU.ActiveCfg = Debug|Any CPU
		{46344125-87C3-4C4C-9F71-6DBF854CB6A9}.Debug|Any CPU.Build.0 = Debug|Any CPU
		{46344125-87C3-4C4C-9F71-6DBF854CB6A9}.Debug|x64.ActiveCfg = Debug|Any CPU
		{46344125-87C3-4C4C-9F71-6DBF854CB6A9}.Debug|x64.Build.0 = Debug|Any CPU
		{46344125-87C3-4C4C-9F71-6DBF854CB6A9}.Debug|x86.ActiveCfg = Debug|Any CPU
		{46344125-87C3-4C4C-9F71-6DBF854CB6A9}.Debug|x86.Build.0 = Debug|Any CPU
		{46344125-87C3-4C4C-9F71-6DBF854CB6A9}.Release|Any CPU.ActiveCfg = Release|Any CPU
		{46344125-87C3-4C4C-9F71-6DBF854CB6A9}.Release|Any CPU.Build.0 = Release|Any CPU
		{46344125-87C3-4C4C-9F71-6DBF854CB6A9}.Release|x64.ActiveCfg = Release|Any CPU
		{46344125-87C3-4C4C-9F71-6DBF854CB6A9}.Release|x64.Build.0 = Release|Any CPU
		{46344125-87C3-4C4C-9F71-6DBF854CB6A9}.Release|x86.ActiveCfg = Release|Any CPU
		{46344125-87C3-4C4C-9F71-6DBF854CB6A9}.Release|x86.Build.0 = Release|Any CPU
		{195D9163-DA41-481A-860F-E5A3D546587B}.Debug|Any CPU.ActiveCfg = Debug|Any CPU
		{195D9163-DA41-481A-860F-E5A3D546587B}.Debug|Any CPU.Build.0 = Debug|Any CPU
		{195D9163-DA41-481A-860F-E5A3D546587B}.Debug|x64.ActiveCfg = Debug|Any CPU
		{195D9163-DA41-481A-860F-E5A3D546587B}.Debug|x64.Build.0 = Debug|Any CPU
		{195D9163-DA41-481A-860F-E5A3D546587B}.Debug|x86.ActiveCfg = Debug|Any CPU
		{195D9163-DA41-481A-860F-E5A3D546587B}.Debug|x86.Build.0 = Debug|Any CPU
		{195D9163-DA41-481A-860F-E5A3D546587B}.Release|Any CPU.ActiveCfg = Release|Any CPU
		{195D9163-DA41-481A-860F-E5A3D546587B}.Release|Any CPU.Build.0 = Release|Any CPU
		{195D9163-DA41-481A-860F-E5A3D546587B}.Release|x64.ActiveCfg = Release|Any CPU
		{195D9163-DA41-481A-860F-E5A3D546587B}.Release|x64.Build.0 = Release|Any CPU
		{195D9163-DA41-481A-860F-E5A3D546587B}.Release|x86.ActiveCfg = Release|Any CPU
		{195D9163-DA41-481A-860F-E5A3D546587B}.Release|x86.Build.0 = Release|Any CPU
		{FBDD5B90-BCBA-4373-83CD-0FCE6B38DA08}.Debug|Any CPU.ActiveCfg = Debug|Any CPU
		{FBDD5B90-BCBA-4373-83CD-0FCE6B38DA08}.Debug|Any CPU.Build.0 = Debug|Any CPU
		{FBDD5B90-BCBA-4373-83CD-0FCE6B38DA08}.Debug|x64.ActiveCfg = Debug|Any CPU
		{FBDD5B90-BCBA-4373-83CD-0FCE6B38DA08}.Debug|x64.Build.0 = Debug|Any CPU
		{FBDD5B90-BCBA-4373-83CD-0FCE6B38DA08}.Debug|x86.ActiveCfg = Debug|Any CPU
		{FBDD5B90-BCBA-4373-83CD-0FCE6B38DA08}.Debug|x86.Build.0 = Debug|Any CPU
		{FBDD5B90-BCBA-4373-83CD-0FCE6B38DA08}.Release|Any CPU.ActiveCfg = Release|Any CPU
		{FBDD5B90-BCBA-4373-83CD-0FCE6B38DA08}.Release|Any CPU.Build.0 = Release|Any CPU
		{FBDD5B90-BCBA-4373-83CD-0FCE6B38DA08}.Release|x64.ActiveCfg = Release|Any CPU
		{FBDD5B90-BCBA-4373-83CD-0FCE6B38DA08}.Release|x64.Build.0 = Release|Any CPU
		{FBDD5B90-BCBA-4373-83CD-0FCE6B38DA08}.Release|x86.ActiveCfg = Release|Any CPU
		{FBDD5B90-BCBA-4373-83CD-0FCE6B38DA08}.Release|x86.Build.0 = Release|Any CPU
		{5BAD5A3D-8251-473F-B427-FF292AAA470A}.Debug|Any CPU.ActiveCfg = Debug|Any CPU
		{5BAD5A3D-8251-473F-B427-FF292AAA470A}.Debug|Any CPU.Build.0 = Debug|Any CPU
		{5BAD5A3D-8251-473F-B427-FF292AAA470A}.Debug|x64.ActiveCfg = Debug|Any CPU
		{5BAD5A3D-8251-473F-B427-FF292AAA470A}.Debug|x64.Build.0 = Debug|Any CPU
		{5BAD5A3D-8251-473F-B427-FF292AAA470A}.Debug|x86.ActiveCfg = Debug|Any CPU
		{5BAD5A3D-8251-473F-B427-FF292AAA470A}.Debug|x86.Build.0 = Debug|Any CPU
		{5BAD5A3D-8251-473F-B427-FF292AAA470A}.Release|Any CPU.ActiveCfg = Release|Any CPU
		{5BAD5A3D-8251-473F-B427-FF292AAA470A}.Release|Any CPU.Build.0 = Release|Any CPU
		{5BAD5A3D-8251-473F-B427-FF292AAA470A}.Release|x64.ActiveCfg = Release|Any CPU
		{5BAD5A3D-8251-473F-B427-FF292AAA470A}.Release|x64.Build.0 = Release|Any CPU
		{5BAD5A3D-8251-473F-B427-FF292AAA470A}.Release|x86.ActiveCfg = Release|Any CPU
		{5BAD5A3D-8251-473F-B427-FF292AAA470A}.Release|x86.Build.0 = Release|Any CPU
	EndGlobalSection
	GlobalSection(NestedProjects) = preSolution
		{9EFEF392-5D85-42A5-B1D8-4145B73CD6E3} = {0A630254-C5C5-4C00-A924-115C1F68EC17}
		{87413144-7BCA-4EE0-AE7B-1390122651A7} = {0A630254-C5C5-4C00-A924-115C1F68EC17}
		{CC336585-3726-42EF-8F64-2FD28410670A} = {37D2D798-08B3-488E-8AA9-62AD68F348BF}
		{8539FB8C-BB38-43B3-B0AC-81148E3ABE41} = {37D2D798-08B3-488E-8AA9-62AD68F348BF}
		{175AF18D-3A3F-4142-9E64-F22AC55C94C7} = {66613479-D643-47E3-B2AD-F6F0BA3AD4A0}
		{BB09BB69-C3F0-4F18-945E-4D2FD5489E56} = {66613479-D643-47E3-B2AD-F6F0BA3AD4A0}
		{925C4B23-421D-48E3-96A0-EDC4AD37324C} = {8A446BC4-B63B-4E33-A48F-21074B0651E0}
		{6FE1CB22-8837-4B8B-A7CE-1267B53DF6D3} = {ECD9CF40-34C0-487C-A1C1-CA5B2EBF61A7}
		{46344125-87C3-4C4C-9F71-6DBF854CB6A9} = {ECD9CF40-34C0-487C-A1C1-CA5B2EBF61A7}
		{195D9163-DA41-481A-860F-E5A3D546587B} = {B1A55EC8-8D38-40E2-B55E-88BE02571742}
		{FBDD5B90-BCBA-4373-83CD-0FCE6B38DA08} = {B1A55EC8-8D38-40E2-B55E-88BE02571742}
	EndGlobalSection
EndGlobal
