
Microsoft Visual Studio Solution File, Format Version 12.00
# Visual Studio Version 17
VisualStudioVersion = 17.5.002.0
MinimumVisualStudioVersion = 10.0.40219.1
Project("{9A19103F-16F7-4668-BE54-9A1E7A4F7556}") = "Elements", "src\Elements.csproj", "{29FD57A4-88A8-4600-900E-839FDDDC2A28}"
EndProject
Project("{9A19103F-16F7-4668-BE54-9A1E7A4F7556}") = "Elements.Tests", "test\Elements.Tests.csproj", "{ECCEFB6A-DF33-429B-950D-8082EA731320}"
EndProject
Global
	GlobalSection(SolutionConfigurationPlatforms) = preSolution
		Debug|Any CPU = Debug|Any CPU
		Release|Any CPU = Release|Any CPU
	EndGlobalSection
	GlobalSection(ProjectConfigurationPlatforms) = postSolution
		{29FD57A4-88A8-4600-900E-839FDDDC2A28}.Debug|Any CPU.ActiveCfg = Debug|Any CPU
		{29FD57A4-88A8-4600-900E-839FDDDC2A28}.Debug|Any CPU.Build.0 = Debug|Any CPU
		{29FD57A4-88A8-4600-900E-839FDDDC2A28}.Release|Any CPU.ActiveCfg = Release|Any CPU
		{29FD57A4-88A8-4600-900E-839FDDDC2A28}.Release|Any CPU.Build.0 = Release|Any CPU
		{ECCEFB6A-DF33-429B-950D-8082EA731320}.Debug|Any CPU.ActiveCfg = Debug|Any CPU
		{ECCEFB6A-DF33-429B-950D-8082EA731320}.Debug|Any CPU.Build.0 = Debug|Any CPU
		{ECCEFB6A-DF33-429B-950D-8082EA731320}.Release|Any CPU.ActiveCfg = Release|Any CPU
		{ECCEFB6A-DF33-429B-950D-8082EA731320}.Release|Any CPU.Build.0 = Release|Any CPU
	EndGlobalSection
	GlobalSection(SolutionProperties) = preSolution
		HideSolutionNode = FALSE
	EndGlobalSection
	GlobalSection(ExtensibilityGlobals) = postSolution
		SolutionGuid = {5B1BA77B-C0FC-4EBD-B7B9-61E5C244207E}
	EndGlobalSection
EndGlobal
