
Microsoft Visual Studio Solution File, Format Version 12.00
# Visual Studio Version 16
VisualStudioVersion = 16.0.30114.105
MinimumVisualStudioVersion = 10.0.40219.1
Project("{FAE04EC0-301F-11D3-BF4B-00C04F79EFBC}") = "Elements", "src\Elements.csproj", "{D4E045C4-68AA-4F48-95AB-D33152C66303}"
EndProject
Project("{FAE04EC0-301F-11D3-BF4B-00C04F79EFBC}") = "Elements.Tests", "test\Elements.Tests.csproj", "{634C8F35-C2F4-4AA3-A5C7-173F9FC6F031}"
EndProject
Global
	GlobalSection(SolutionConfigurationPlatforms) = preSolution
		Debug|Any CPU = Debug|Any CPU
		Release|Any CPU = Release|Any CPU
	EndGlobalSection
	GlobalSection(SolutionProperties) = preSolution
		HideSolutionNode = FALSE
	EndGlobalSection
	GlobalSection(ProjectConfigurationPlatforms) = postSolution
		{D4E045C4-68AA-4F48-95AB-D33152C66303}.Debug|Any CPU.ActiveCfg = Debug|Any CPU
		{D4E045C4-68AA-4F48-95AB-D33152C66303}.Debug|Any CPU.Build.0 = Debug|Any CPU
		{D4E045C4-68AA-4F48-95AB-D33152C66303}.Release|Any CPU.ActiveCfg = Release|Any CPU
		{D4E045C4-68AA-4F48-95AB-D33152C66303}.Release|Any CPU.Build.0 = Release|Any CPU
		{634C8F35-C2F4-4AA3-A5C7-173F9FC6F031}.Debug|Any CPU.ActiveCfg = Debug|Any CPU
		{634C8F35-C2F4-4AA3-A5C7-173F9FC6F031}.Debug|Any CPU.Build.0 = Debug|Any CPU
		{634C8F35-C2F4-4AA3-A5C7-173F9FC6F031}.Release|Any CPU.ActiveCfg = Release|Any CPU
		{634C8F35-C2F4-4AA3-A5C7-173F9FC6F031}.Release|Any CPU.Build.0 = Release|Any CPU
	EndGlobalSection
EndGlobal
