
Microsoft Visual Studio Solution File, Format Version 12.00
# Visual Studio 15
VisualStudioVersion = 15.0.26124.0
MinimumVisualStudioVersion = 15.0.26124.0
Project("{FAE04EC0-301F-11D3-BF4B-00C04F79EFBC}") = "Elements", "src\Elements.csproj", "{EA971AB5-7F6A-4771-8A34-337EA914B1F7}"
EndProject
Project("{FAE04EC0-301F-11D3-BF4B-00C04F79EFBC}") = "Elements.Tests", "test\Elements.Tests.csproj", "{AAA06891-A513-43C6-9317-6D1CDA206D48}"
EndProject
Global
	GlobalSection(SolutionConfigurationPlatforms) = preSolution
		Debug|Any CPU = Debug|Any CPU
		Debug|x64 = Debug|x64
		Debug|x86 = Debug|x86
		Release|Any CPU = Release|Any CPU
		Release|x64 = Release|x64
		Release|x86 = Release|x86
	EndGlobalSection
	GlobalSection(SolutionProperties) = preSolution
		HideSolutionNode = FALSE
	EndGlobalSection
	GlobalSection(ProjectConfigurationPlatforms) = postSolution
		{EA971AB5-7F6A-4771-8A34-337EA914B1F7}.Debug|Any CPU.ActiveCfg = Debug|Any CPU
		{EA971AB5-7F6A-4771-8A34-337EA914B1F7}.Debug|Any CPU.Build.0 = Debug|Any CPU
		{EA971AB5-7F6A-4771-8A34-337EA914B1F7}.Debug|x64.ActiveCfg = Debug|Any CPU
		{EA971AB5-7F6A-4771-8A34-337EA914B1F7}.Debug|x64.Build.0 = Debug|Any CPU
		{EA971AB5-7F6A-4771-8A34-337EA914B1F7}.Debug|x86.ActiveCfg = Debug|Any CPU
		{EA971AB5-7F6A-4771-8A34-337EA914B1F7}.Debug|x86.Build.0 = Debug|Any CPU
		{EA971AB5-7F6A-4771-8A34-337EA914B1F7}.Release|Any CPU.ActiveCfg = Release|Any CPU
		{EA971AB5-7F6A-4771-8A34-337EA914B1F7}.Release|Any CPU.Build.0 = Release|Any CPU
		{EA971AB5-7F6A-4771-8A34-337EA914B1F7}.Release|x64.ActiveCfg = Release|Any CPU
		{EA971AB5-7F6A-4771-8A34-337EA914B1F7}.Release|x64.Build.0 = Release|Any CPU
		{EA971AB5-7F6A-4771-8A34-337EA914B1F7}.Release|x86.ActiveCfg = Release|Any CPU
		{EA971AB5-7F6A-4771-8A34-337EA914B1F7}.Release|x86.Build.0 = Release|Any CPU
		{AAA06891-A513-43C6-9317-6D1CDA206D48}.Debug|Any CPU.ActiveCfg = Debug|Any CPU
		{AAA06891-A513-43C6-9317-6D1CDA206D48}.Debug|Any CPU.Build.0 = Debug|Any CPU
		{AAA06891-A513-43C6-9317-6D1CDA206D48}.Debug|x64.ActiveCfg = Debug|Any CPU
		{AAA06891-A513-43C6-9317-6D1CDA206D48}.Debug|x64.Build.0 = Debug|Any CPU
		{AAA06891-A513-43C6-9317-6D1CDA206D48}.Debug|x86.ActiveCfg = Debug|Any CPU
		{AAA06891-A513-43C6-9317-6D1CDA206D48}.Debug|x86.Build.0 = Debug|Any CPU
		{AAA06891-A513-43C6-9317-6D1CDA206D48}.Release|Any CPU.ActiveCfg = Release|Any CPU
		{AAA06891-A513-43C6-9317-6D1CDA206D48}.Release|Any CPU.Build.0 = Release|Any CPU
		{AAA06891-A513-43C6-9317-6D1CDA206D48}.Release|x64.ActiveCfg = Release|Any CPU
		{AAA06891-A513-43C6-9317-6D1CDA206D48}.Release|x64.Build.0 = Release|Any CPU
		{AAA06891-A513-43C6-9317-6D1CDA206D48}.Release|x86.ActiveCfg = Release|Any CPU
		{AAA06891-A513-43C6-9317-6D1CDA206D48}.Release|x86.Build.0 = Release|Any CPU
	EndGlobalSection
EndGlobal
