
Microsoft Visual Studio Solution File, Format Version 11.00
# Visual Studio 2010
Project("{FAE04EC0-301F-11D3-BF4B-00C04F79EFBC}") = "Assembly-CSharp-firstpass", "Assembly-CSharp-firstpass.csproj", "{C3E2D8D4-86C0-9C5B-6EAB-63004C69EFF3}"
EndProject
Project("{FAE04EC0-301F-11D3-BF4B-00C04F79EFBC}") = "Assembly-CSharp", "Assembly-CSharp.csproj", "{3A96FF29-C6DD-7E86-FD7F-9893186200AA}"
EndProject
Project("{FAE04EC0-301F-11D3-BF4B-00C04F79EFBC}") = "Assembly-CSharp-Editor-firstpass", "Assembly-CSharp-Editor-firstpass.csproj", "{CC72F3EC-1901-B479-4A78-09F7BB04C511}"
EndProject
Global
	GlobalSection(SolutionConfigurationPlatforms) = preSolution
		Debug|Any CPU = Debug|Any CPU
		Release|Any CPU = Release|Any CPU
	EndGlobalSection
	GlobalSection(ProjectConfigurationPlatforms) = postSolution
		{C3E2D8D4-86C0-9C5B-6EAB-63004C69EFF3}.Debug|Any CPU.ActiveCfg = Debug|Any CPU
		{C3E2D8D4-86C0-9C5B-6EAB-63004C69EFF3}.Debug|Any CPU.Build.0 = Debug|Any CPU
		{C3E2D8D4-86C0-9C5B-6EAB-63004C69EFF3}.Release|Any CPU.ActiveCfg = Release|Any CPU
		{C3E2D8D4-86C0-9C5B-6EAB-63004C69EFF3}.Release|Any CPU.Build.0 = Release|Any CPU
		{3A96FF29-C6DD-7E86-FD7F-9893186200AA}.Debug|Any CPU.ActiveCfg = Debug|Any CPU
		{3A96FF29-C6DD-7E86-FD7F-9893186200AA}.Debug|Any CPU.Build.0 = Debug|Any CPU
		{3A96FF29-C6DD-7E86-FD7F-9893186200AA}.Release|Any CPU.ActiveCfg = Release|Any CPU
		{3A96FF29-C6DD-7E86-FD7F-9893186200AA}.Release|Any CPU.Build.0 = Release|Any CPU
		{CC72F3EC-1901-B479-4A78-09F7BB04C511}.Debug|Any CPU.ActiveCfg = Debug|Any CPU
		{CC72F3EC-1901-B479-4A78-09F7BB04C511}.Debug|Any CPU.Build.0 = Debug|Any CPU
		{CC72F3EC-1901-B479-4A78-09F7BB04C511}.Release|Any CPU.ActiveCfg = Release|Any CPU
		{CC72F3EC-1901-B479-4A78-09F7BB04C511}.Release|Any CPU.Build.0 = Release|Any CPU
	EndGlobalSection
	GlobalSection(SolutionProperties) = preSolution
		HideSolutionNode = FALSE
	EndGlobalSection
	GlobalSection(MonoDevelopProperties) = preSolution
		StartupItem = Assembly-CSharp.csproj
	EndGlobalSection
EndGlobal
