
Microsoft Visual Studio Solution File, Format Version 12.00
# Visual Studio Version 16
VisualStudioVersion = 16.0.29806.167
MinimumVisualStudioVersion = 10.0.40219.1
Project("{2150E333-8FDC-42A3-9474-1A3956D46DE8}") = "src", "src", "{902347EE-C9E1-4516-8AF1-6B99D75394D8}"
EndProject
Project("{FAE04EC0-301F-11D3-BF4B-00C04F79EFBC}") = "Hypar.Dynamo", "src\Hypar.Dynamo\Hypar.Dynamo.csproj", "{F52F36DD-CE29-4F45-9A54-11C02D4DC44C}"
EndProject
Project("{FAE04EC0-301F-11D3-BF4B-00C04F79EFBC}") = "HyparDynExtension", "src\HyparDynamoExtension\HyparDynExtension.csproj", "{49469E52-196F-4662-AA51-A3CBA107A1B3}"
EndProject
Project("{FAE04EC0-301F-11D3-BF4B-00C04F79EFBC}") = "HyparRevit", "..\Revit\RevitHyparTools\HyparRevit.csproj", "{F707383D-E75C-44F4-AB0C-9CF2C42AAB5E}"
EndProject
Global
	GlobalSection(SolutionConfigurationPlatforms) = preSolution
		Debug|Any CPU = Debug|Any CPU
		Release|Any CPU = Release|Any CPU
	EndGlobalSection
	GlobalSection(ProjectConfigurationPlatforms) = postSolution
		{9DBA46A0-BE97-4F58-8C15-5D9E633477EB}.Debug|Any CPU.ActiveCfg = Debug|Any CPU
		{9DBA46A0-BE97-4F58-8C15-5D9E633477EB}.Debug|Any CPU.Build.0 = Debug|Any CPU
		{9DBA46A0-BE97-4F58-8C15-5D9E633477EB}.Release|Any CPU.ActiveCfg = Release|Any CPU
		{9DBA46A0-BE97-4F58-8C15-5D9E633477EB}.Release|Any CPU.Build.0 = Release|Any CPU
		{D021C90D-DA17-49A9-B7A5-15E24EFDC8D4}.Debug|Any CPU.ActiveCfg = Debug|Any CPU
		{D021C90D-DA17-49A9-B7A5-15E24EFDC8D4}.Debug|Any CPU.Build.0 = Debug|Any CPU
		{D021C90D-DA17-49A9-B7A5-15E24EFDC8D4}.Release|Any CPU.ActiveCfg = Release|Any CPU
		{D021C90D-DA17-49A9-B7A5-15E24EFDC8D4}.Release|Any CPU.Build.0 = Release|Any CPU
		{F52F36DD-CE29-4F45-9A54-11C02D4DC44C}.Debug|Any CPU.ActiveCfg = Debug|Any CPU
		{F52F36DD-CE29-4F45-9A54-11C02D4DC44C}.Debug|Any CPU.Build.0 = Debug|Any CPU
		{F52F36DD-CE29-4F45-9A54-11C02D4DC44C}.Release|Any CPU.ActiveCfg = Release|Any CPU
		{F52F36DD-CE29-4F45-9A54-11C02D4DC44C}.Release|Any CPU.Build.0 = Release|Any CPU
		{49469E52-196F-4662-AA51-A3CBA107A1B3}.Debug|Any CPU.ActiveCfg = Debug|Any CPU
		{49469E52-196F-4662-AA51-A3CBA107A1B3}.Debug|Any CPU.Build.0 = Debug|Any CPU
		{49469E52-196F-4662-AA51-A3CBA107A1B3}.Release|Any CPU.ActiveCfg = Release|Any CPU
		{49469E52-196F-4662-AA51-A3CBA107A1B3}.Release|Any CPU.Build.0 = Release|Any CPU
		{F707383D-E75C-44F4-AB0C-9CF2C42AAB5E}.Debug|Any CPU.ActiveCfg = Debug|Any CPU
		{F707383D-E75C-44F4-AB0C-9CF2C42AAB5E}.Debug|Any CPU.Build.0 = Debug|Any CPU
		{F707383D-E75C-44F4-AB0C-9CF2C42AAB5E}.Release|Any CPU.ActiveCfg = Release|Any CPU
		{F707383D-E75C-44F4-AB0C-9CF2C42AAB5E}.Release|Any CPU.Build.0 = Release|Any CPU
	EndGlobalSection
	GlobalSection(SolutionProperties) = preSolution
		HideSolutionNode = FALSE
	EndGlobalSection
	GlobalSection(ExtensibilityGlobals) = postSolution
		SolutionGuid = {3905384A-A1BD-45E9-881A-EADA046CE857}
	EndGlobalSection
	GlobalSection(NestedProjects) = preSolution
		{F52F36DD-CE29-4F45-9A54-11C02D4DC44C} = {902347EE-C9E1-4516-8AF1-6B99D75394D8}
		{49469E52-196F-4662-AA51-A3CBA107A1B3} = {902347EE-C9E1-4516-8AF1-6B99D75394D8}
	EndGlobalSection
EndGlobal
