
Microsoft Visual Studio Solution File, Format Version 12.00
# Visual Studio 15
VisualStudioVersion = 15.0.26124.0
MinimumVisualStudioVersion = 15.0.26124.0
Project("{2150E333-8FDC-42A3-9474-1A3956D46DE8}") = "src", "src", "{F12CF1B3-0720-4080-896E-B512F1F91A39}"
EndProject
Project("{FAE04EC0-301F-11D3-BF4B-00C04F79EFBC}") = "HyparDynExtension", "src\HyparDynExtension\HyparDynExtension.csproj", "{8235E0CE-DB11-4EDB-B352-4B96003B07F3}"
EndProject
Project("{FAE04EC0-301F-11D3-BF4B-00C04F79EFBC}") = "HyparDynNodes", "src\HyparDynNodes\HyparDynNodes.csproj", "{6990F6A7-D049-4379-9B18-6840E57D8E75}"
EndProject
Global
	GlobalSection(SolutionConfigurationPlatforms) = preSolution
		Debug|Any CPU = Debug|Any CPU
		Debug|x64 = Debug|x64
		Debug|x86 = Debug|x86
		Release|Any CPU = Release|Any CPU
		Release|x64 = Release|x64
		Release|x86 = Release|x86
	EndGlobalSection
	GlobalSection(SolutionProperties) = preSolution
		HideSolutionNode = FALSE
	EndGlobalSection
	GlobalSection(ProjectConfigurationPlatforms) = postSolution
		{8235E0CE-DB11-4EDB-B352-4B96003B07F3}.Debug|Any CPU.ActiveCfg = Debug|Any CPU
		{8235E0CE-DB11-4EDB-B352-4B96003B07F3}.Debug|Any CPU.Build.0 = Debug|Any CPU
		{8235E0CE-DB11-4EDB-B352-4B96003B07F3}.Debug|x64.ActiveCfg = Debug|Any CPU
		{8235E0CE-DB11-4EDB-B352-4B96003B07F3}.Debug|x64.Build.0 = Debug|Any CPU
		{8235E0CE-DB11-4EDB-B352-4B96003B07F3}.Debug|x86.ActiveCfg = Debug|Any CPU
		{8235E0CE-DB11-4EDB-B352-4B96003B07F3}.Debug|x86.Build.0 = Debug|Any CPU
		{8235E0CE-DB11-4EDB-B352-4B96003B07F3}.Release|Any CPU.ActiveCfg = Release|Any CPU
		{8235E0CE-DB11-4EDB-B352-4B96003B07F3}.Release|Any CPU.Build.0 = Release|Any CPU
		{8235E0CE-DB11-4EDB-B352-4B96003B07F3}.Release|x64.ActiveCfg = Release|Any CPU
		{8235E0CE-DB11-4EDB-B352-4B96003B07F3}.Release|x64.Build.0 = Release|Any CPU
		{8235E0CE-DB11-4EDB-B352-4B96003B07F3}.Release|x86.ActiveCfg = Release|Any CPU
		{8235E0CE-DB11-4EDB-B352-4B96003B07F3}.Release|x86.Build.0 = Release|Any CPU
		{6990F6A7-D049-4379-9B18-6840E57D8E75}.Debug|Any CPU.ActiveCfg = Debug|Any CPU
		{6990F6A7-D049-4379-9B18-6840E57D8E75}.Debug|Any CPU.Build.0 = Debug|Any CPU
		{6990F6A7-D049-4379-9B18-6840E57D8E75}.Debug|x64.ActiveCfg = Debug|Any CPU
		{6990F6A7-D049-4379-9B18-6840E57D8E75}.Debug|x64.Build.0 = Debug|Any CPU
		{6990F6A7-D049-4379-9B18-6840E57D8E75}.Debug|x86.ActiveCfg = Debug|Any CPU
		{6990F6A7-D049-4379-9B18-6840E57D8E75}.Debug|x86.Build.0 = Debug|Any CPU
		{6990F6A7-D049-4379-9B18-6840E57D8E75}.Release|Any CPU.ActiveCfg = Release|Any CPU
		{6990F6A7-D049-4379-9B18-6840E57D8E75}.Release|Any CPU.Build.0 = Release|Any CPU
		{6990F6A7-D049-4379-9B18-6840E57D8E75}.Release|x64.ActiveCfg = Release|Any CPU
		{6990F6A7-D049-4379-9B18-6840E57D8E75}.Release|x64.Build.0 = Release|Any CPU
		{6990F6A7-D049-4379-9B18-6840E57D8E75}.Release|x86.ActiveCfg = Release|Any CPU
		{6990F6A7-D049-4379-9B18-6840E57D8E75}.Release|x86.Build.0 = Release|Any CPU
	EndGlobalSection
	GlobalSection(NestedProjects) = preSolution
		{8235E0CE-DB11-4EDB-B352-4B96003B07F3} = {F12CF1B3-0720-4080-896E-B512F1F91A39}
		{6990F6A7-D049-4379-9B18-6840E57D8E75} = {F12CF1B3-0720-4080-896E-B512F1F91A39}
	EndGlobalSection
EndGlobal
