
Microsoft Visual Studio Solution File, Format Version 11.00
# Visual Studio 2010
Project("{FAE04EC0-301F-11D3-BF4B-00C04F79EFBC}") = "Assembly-CSharp-firstpass", "Assembly-CSharp-firstpass.csproj", "{518622B2-9050-A153-E465-3E4BD155181A}"
EndProject
Project("{FAE04EC0-301F-11D3-BF4B-00C04F79EFBC}") = "Assembly-CSharp", "Assembly-CSharp.csproj", "{C3DA89E1-70C6-7D6C-993E-C8F831D35880}"
EndProject
Project("{FAE04EC0-301F-11D3-BF4B-00C04F79EFBC}") = "Assembly-CSharp-Editor-firstpass", "Assembly-CSharp-Editor-firstpass.csproj", "{5C37612B-AF80-25DB-739D-B40D9EBFE347}"
EndProject
Global
	GlobalSection(SolutionConfigurationPlatforms) = preSolution
		Debug|Any CPU = Debug|Any CPU
		Release|Any CPU = Release|Any CPU
	EndGlobalSection
	GlobalSection(ProjectConfigurationPlatforms) = postSolution
		{518622B2-9050-A153-E465-3E4BD155181A}.Debug|Any CPU.ActiveCfg = Debug|Any CPU
		{518622B2-9050-A153-E465-3E4BD155181A}.Debug|Any CPU.Build.0 = Debug|Any CPU
		{518622B2-9050-A153-E465-3E4BD155181A}.Release|Any CPU.ActiveCfg = Release|Any CPU
		{518622B2-9050-A153-E465-3E4BD155181A}.Release|Any CPU.Build.0 = Release|Any CPU
		{C3DA89E1-70C6-7D6C-993E-C8F831D35880}.Debug|Any CPU.ActiveCfg = Debug|Any CPU
		{C3DA89E1-70C6-7D6C-993E-C8F831D35880}.Debug|Any CPU.Build.0 = Debug|Any CPU
		{C3DA89E1-70C6-7D6C-993E-C8F831D35880}.Release|Any CPU.ActiveCfg = Release|Any CPU
		{C3DA89E1-70C6-7D6C-993E-C8F831D35880}.Release|Any CPU.Build.0 = Release|Any CPU
		{5C37612B-AF80-25DB-739D-B40D9EBFE347}.Debug|Any CPU.ActiveCfg = Debug|Any CPU
		{5C37612B-AF80-25DB-739D-B40D9EBFE347}.Debug|Any CPU.Build.0 = Debug|Any CPU
		{5C37612B-AF80-25DB-739D-B40D9EBFE347}.Release|Any CPU.ActiveCfg = Release|Any CPU
		{5C37612B-AF80-25DB-739D-B40D9EBFE347}.Release|Any CPU.Build.0 = Release|Any CPU
	EndGlobalSection
	GlobalSection(SolutionProperties) = preSolution
		HideSolutionNode = FALSE
	EndGlobalSection
	GlobalSection(MonoDevelopProperties) = preSolution
		StartupItem = Assembly-CSharp.csproj
	EndGlobalSection
EndGlobal
