
Microsoft Visual Studio Solution File, Format Version 12.00
# Visual Studio 15
VisualStudioVersion = 15.0.26124.0
MinimumVisualStudioVersion = 15.0.26124.0
Project("{2150E333-8FDC-42A3-9474-1A3956D46DE8}") = "Hypar.Revit", "Hypar.Revit", "{FCFBF45F-63FF-4715-B3A5-643D405ABA82}"
EndProject
Project("{FAE04EC0-301F-11D3-BF4B-00C04F79EFBC}") = "Hypar.Revit", "Hypar.Revit\src\Hypar.Revit.csproj", "{B08ED199-1B92-4E9E-B7D0-1BC81027BBB3}"
EndProject
Global
	GlobalSection(SolutionProperties) = preSolution
		HideSolutionNode = FALSE
	EndGlobalSection
	GlobalSection(SolutionConfigurationPlatforms) = preSolution
		Debug|Any CPU = Debug|Any CPU
		Debug|x64 = Debug|x64
		Debug|x86 = Debug|x86
		Release|Any CPU = Release|Any CPU
		Release|x64 = Release|x64
		Release|x86 = Release|x86
	EndGlobalSection
	GlobalSection(ProjectConfigurationPlatforms) = postSolution
		{B08ED199-1B92-4E9E-B7D0-1BC81027BBB3}.Debug|Any CPU.ActiveCfg = Debug|Any CPU
		{B08ED199-1B92-4E9E-B7D0-1BC81027BBB3}.Debug|Any CPU.Build.0 = Debug|Any CPU
		{B08ED199-1B92-4E9E-B7D0-1BC81027BBB3}.Debug|x64.ActiveCfg = Debug|Any CPU
		{B08ED199-1B92-4E9E-B7D0-1BC81027BBB3}.Debug|x64.Build.0 = Debug|Any CPU
		{B08ED199-1B92-4E9E-B7D0-1BC81027BBB3}.Debug|x86.ActiveCfg = Debug|Any CPU
		{B08ED199-1B92-4E9E-B7D0-1BC81027BBB3}.Debug|x86.Build.0 = Debug|Any CPU
		{B08ED199-1B92-4E9E-B7D0-1BC81027BBB3}.Release|Any CPU.ActiveCfg = Release|Any CPU
		{B08ED199-1B92-4E9E-B7D0-1BC81027BBB3}.Release|Any CPU.Build.0 = Release|Any CPU
		{B08ED199-1B92-4E9E-B7D0-1BC81027BBB3}.Release|x64.ActiveCfg = Release|Any CPU
		{B08ED199-1B92-4E9E-B7D0-1BC81027BBB3}.Release|x64.Build.0 = Release|Any CPU
		{B08ED199-1B92-4E9E-B7D0-1BC81027BBB3}.Release|x86.ActiveCfg = Release|Any CPU
		{B08ED199-1B92-4E9E-B7D0-1BC81027BBB3}.Release|x86.Build.0 = Release|Any CPU
	EndGlobalSection
	GlobalSection(NestedProjects) = preSolution
		{B08ED199-1B92-4E9E-B7D0-1BC81027BBB3} = {FCFBF45F-63FF-4715-B3A5-643D405ABA82}
	EndGlobalSection
EndGlobal
