{
  "name": "notion-sync",
  "version": "1.0.0",
  "lockfileVersion": 1,
  "requires": true,
  "dependencies": {
    "notion-page-to-html": {
      "version": "1.1.1",
      "resolved": "https://registry.npmjs.org/notion-page-to-html/-/notion-page-to-html-1.1.1.tgz",
      "integrity": "sha512-YBMVem2vjXL68Wbi+6Rywp4KZ185EoTZA0/2C8ajbROli3uimd0y612bgYGoJxGH3TvSqbRzocJ3NlXSIBuuFw=="
    }
  }
}
